
Microsoft Visual Studio Solution File, Format Version 12.00
# Visual Studio Version 17
VisualStudioVersion = 17.7.34031.279
MinimumVisualStudioVersion = 10.0.40219.1
Project("{9A19103F-16F7-4668-BE54-9A1E7A4F7556}") = "EjemploRepartos_API", "EjemploRepartos\EjemploRepartos_API.csproj", "{989B8AAC-2D39-4E47-9941-74D006CACC01}"
EndProject
Project("{2150E333-8FDC-42A3-9474-1A3956D46DE8}") = "Comunes", "Comunes", "{C005723B-5920-43E0-BCB3-D4A7C0744FE8}"
EndProject
Project("{9A19103F-16F7-4668-BE54-9A1E7A4F7556}") = "EjemploRepartos_database", "EjemploRepartos_BaseDatos\EjemploRepartos_database.csproj", "{9B0399B8-6A02-419A-B678-3F3210FB905E}"
EndProject
Project("{9A19103F-16F7-4668-BE54-9A1E7A4F7556}") = "EjemploRepartos_repository", "EjemploRepartos_repository\EjemploRepartos_repository.csproj", "{CDE385D2-1D4D-4ECB-B519-D2ED71DB4AFC}"
EndProject
Project("{9A19103F-16F7-4668-BE54-9A1E7A4F7556}") = "EjemploRepartos_service", "EjemploRepartos_service\EjemploRepartos_service.csproj", "{4157D83E-0E9C-422E-9029-402CF5FBABAF}"
EndProject
Project("{9A19103F-16F7-4668-BE54-9A1E7A4F7556}") = "EjemploRepartos_infrastructure", "EjemploRepartos_infrastructure\EjemploRepartos_infrastructure.csproj", "{1035694E-D0B1-4052-8678-67B789F36341}"
EndProject
Project("{FAE04EC0-301F-11D3-BF4B-00C04F79EFBC}") = "EjemploRepartos_helper", "EjemploRepartos_helper\EjemploRepartos_helper.csproj", "{D5FB93C6-BA1E-4BD4-87EF-67D932F4F865}"
EndProject
Project("{2150E333-8FDC-42A3-9474-1A3956D46DE8}") = "Test", "Test", "{9773F309-DE8D-48DD-871D-493F867A508C}"
EndProject
Project("{FAE04EC0-301F-11D3-BF4B-00C04F79EFBC}") = "EjemploRepartos_Tests", "EjemploRepartos_Tests\EjemploRepartos_Tests.csproj", "{1DC699E6-DE8B-444B-B1EF-25C132CBA6CE}"
EndProject
Global
	GlobalSection(SolutionConfigurationPlatforms) = preSolution
		Debug|Any CPU = Debug|Any CPU
		Release|Any CPU = Release|Any CPU
	EndGlobalSection
	GlobalSection(ProjectConfigurationPlatforms) = postSolution
		{989B8AAC-2D39-4E47-9941-74D006CACC01}.Debug|Any CPU.ActiveCfg = Debug|Any CPU
		{989B8AAC-2D39-4E47-9941-74D006CACC01}.Debug|Any CPU.Build.0 = Debug|Any CPU
		{989B8AAC-2D39-4E47-9941-74D006CACC01}.Release|Any CPU.ActiveCfg = Release|Any CPU
		{989B8AAC-2D39-4E47-9941-74D006CACC01}.Release|Any CPU.Build.0 = Release|Any CPU
		{9B0399B8-6A02-419A-B678-3F3210FB905E}.Debug|Any CPU.ActiveCfg = Debug|Any CPU
		{9B0399B8-6A02-419A-B678-3F3210FB905E}.Debug|Any CPU.Build.0 = Debug|Any CPU
		{9B0399B8-6A02-419A-B678-3F3210FB905E}.Release|Any CPU.ActiveCfg = Release|Any CPU
		{9B0399B8-6A02-419A-B678-3F3210FB905E}.Release|Any CPU.Build.0 = Release|Any CPU
		{CDE385D2-1D4D-4ECB-B519-D2ED71DB4AFC}.Debug|Any CPU.ActiveCfg = Debug|Any CPU
		{CDE385D2-1D4D-4ECB-B519-D2ED71DB4AFC}.Debug|Any CPU.Build.0 = Debug|Any CPU
		{CDE385D2-1D4D-4ECB-B519-D2ED71DB4AFC}.Release|Any CPU.ActiveCfg = Release|Any CPU
		{CDE385D2-1D4D-4ECB-B519-D2ED71DB4AFC}.Release|Any CPU.Build.0 = Release|Any CPU
		{4157D83E-0E9C-422E-9029-402CF5FBABAF}.Debug|Any CPU.ActiveCfg = Debug|Any CPU
		{4157D83E-0E9C-422E-9029-402CF5FBABAF}.Debug|Any CPU.Build.0 = Debug|Any CPU
		{4157D83E-0E9C-422E-9029-402CF5FBABAF}.Release|Any CPU.ActiveCfg = Release|Any CPU
		{4157D83E-0E9C-422E-9029-402CF5FBABAF}.Release|Any CPU.Build.0 = Release|Any CPU
		{1035694E-D0B1-4052-8678-67B789F36341}.Debug|Any CPU.ActiveCfg = Debug|Any CPU
		{1035694E-D0B1-4052-8678-67B789F36341}.Debug|Any CPU.Build.0 = Debug|Any CPU
		{1035694E-D0B1-4052-8678-67B789F36341}.Release|Any CPU.ActiveCfg = Release|Any CPU
		{1035694E-D0B1-4052-8678-67B789F36341}.Release|Any CPU.Build.0 = Release|Any CPU
		{D5FB93C6-BA1E-4BD4-87EF-67D932F4F865}.Debug|Any CPU.ActiveCfg = Debug|Any CPU
		{D5FB93C6-BA1E-4BD4-87EF-67D932F4F865}.Debug|Any CPU.Build.0 = Debug|Any CPU
		{D5FB93C6-BA1E-4BD4-87EF-67D932F4F865}.Release|Any CPU.ActiveCfg = Release|Any CPU
		{D5FB93C6-BA1E-4BD4-87EF-67D932F4F865}.Release|Any CPU.Build.0 = Release|Any CPU
		{1DC699E6-DE8B-444B-B1EF-25C132CBA6CE}.Debug|Any CPU.ActiveCfg = Debug|Any CPU
		{1DC699E6-DE8B-444B-B1EF-25C132CBA6CE}.Debug|Any CPU.Build.0 = Debug|Any CPU
		{1DC699E6-DE8B-444B-B1EF-25C132CBA6CE}.Release|Any CPU.ActiveCfg = Release|Any CPU
		{1DC699E6-DE8B-444B-B1EF-25C132CBA6CE}.Release|Any CPU.Build.0 = Release|Any CPU
	EndGlobalSection
	GlobalSection(SolutionProperties) = preSolution
		HideSolutionNode = FALSE
	EndGlobalSection
	GlobalSection(NestedProjects) = preSolution
		{9B0399B8-6A02-419A-B678-3F3210FB905E} = {C005723B-5920-43E0-BCB3-D4A7C0744FE8}
		{CDE385D2-1D4D-4ECB-B519-D2ED71DB4AFC} = {C005723B-5920-43E0-BCB3-D4A7C0744FE8}
		{4157D83E-0E9C-422E-9029-402CF5FBABAF} = {C005723B-5920-43E0-BCB3-D4A7C0744FE8}
		{1035694E-D0B1-4052-8678-67B789F36341} = {C005723B-5920-43E0-BCB3-D4A7C0744FE8}
		{D5FB93C6-BA1E-4BD4-87EF-67D932F4F865} = {C005723B-5920-43E0-BCB3-D4A7C0744FE8}
		{1DC699E6-DE8B-444B-B1EF-25C132CBA6CE} = {9773F309-DE8D-48DD-871D-493F867A508C}
	EndGlobalSection
	GlobalSection(ExtensibilityGlobals) = postSolution
		SolutionGuid = {6941B332-F8EB-40BC-93BF-FF86CFB8D65E}
	EndGlobalSection
EndGlobal
